
Microsoft Visual Studio Solution File, Format Version 12.00
# Visual Studio Version 17
VisualStudioVersion = 17.4.33205.214
MinimumVisualStudioVersion = 10.0.40219.1
Project("{FAE04EC0-301F-11D3-BF4B-00C04F79EFBC}") = "MerketoWebbApp", "MerketoWebbApp\MerketoWebbApp.csproj", "{AAFCE5D1-4D28-41B7-9D39-734A82287384}"
EndProject
Global
	GlobalSection(SolutionConfigurationPlatforms) = preSolution
		Debug|Any CPU = Debug|Any CPU
		Release|Any CPU = Release|Any CPU
	EndGlobalSection
	GlobalSection(ProjectConfigurationPlatforms) = postSolution
		{AAFCE5D1-4D28-41B7-9D39-734A82287384}.Debug|Any CPU.ActiveCfg = Debug|Any CPU
		{AAFCE5D1-4D28-41B7-9D39-734A82287384}.Debug|Any CPU.Build.0 = Debug|Any CPU
		{AAFCE5D1-4D28-41B7-9D39-734A82287384}.Release|Any CPU.ActiveCfg = Release|Any CPU
		{AAFCE5D1-4D28-41B7-9D39-734A82287384}.Release|Any CPU.Build.0 = Release|Any CPU
	EndGlobalSection
	GlobalSection(SolutionProperties) = preSolution
		HideSolutionNode = FALSE
	EndGlobalSection
	GlobalSection(ExtensibilityGlobals) = postSolution
		SolutionGuid = {DF7FD97C-74E8-484F-9B38-61343C620BC4}
	EndGlobalSection
EndGlobal
